// !$*UTF8*$!
{
	archiveVersion = 1;
	classes = {
	};
	objectVersion = 50;
	objects = {

/* Begin PBXBuildFile section */
		863290CA26BA7B6B0001783E /* SwiftUIListExamplesApp.swift in Sources */ = {isa = PBXBuildFile; fileRef = 863290C926BA7B6B0001783E /* SwiftUIListExamplesApp.swift */; };
		863290CC26BA7B6B0001783E /* BasicDynamicView.swift in Sources */ = {isa = PBXBuildFile; fileRef = 863290CB26BA7B6B0001783E /* BasicDynamicView.swift */; };
		863290CE26BA7B700001783E /* Assets.xcassets in Resources */ = {isa = PBXBuildFile; fileRef = 863290CD26BA7B700001783E /* Assets.xcassets */; };
		863290D126BA7B700001783E /* Preview Assets.xcassets in Resources */ = {isa = PBXBuildFile; fileRef = 863290D026BA7B700001783E /* Preview Assets.xcassets */; };
		863290D926BA84010001783E /* SectionListView.swift in Sources */ = {isa = PBXBuildFile; fileRef = 863290D826BA84010001783E /* SectionListView.swift */; };
		863290DB26BA91600001783E /* CustomRowView.swift in Sources */ = {isa = PBXBuildFile; fileRef = 863290DA26BA91600001783E /* CustomRowView.swift */; };
		863290DD26BA91A80001783E /* SwipeDeleteListView.swift in Sources */ = {isa = PBXBuildFile; fileRef = 863290DC26BA91A80001783E /* SwipeDeleteListView.swift */; };
/* End PBXBuildFile section */

/* Begin PBXFileReference section */
		863290C626BA7B6B0001783E /* SwiftUIListExamples.app */ = {isa = PBXFileReference; explicitFileType = wrapper.application; includeInIndex = 0; path = SwiftUIListExamples.app; sourceTree = BUILT_PRODUCTS_DIR; };
		863290C926BA7B6B0001783E /* SwiftUIListExamplesApp.swift */ = {isa = PBXFileReference; lastKnownFileType = sourcecode.swift; path = SwiftUIListExamplesApp.swift; sourceTree = "<group>"; };
		863290CB26BA7B6B0001783E /* BasicDynamicView.swift */ = {isa = PBXFileReference; lastKnownFileType = sourcecode.swift; path = BasicDynamicView.swift; sourceTree = "<group>"; };
		863290CD26BA7B700001783E /* Assets.xcassets */ = {isa = PBXFileReference; lastKnownFileType = folder.assetcatalog; path = Assets.xcassets; sourceTree = "<group>"; };
		863290D026BA7B700001783E /* Preview Assets.xcassets */ = {isa = PBXFileReference; lastKnownFileType = folder.assetcatalog; path = "Preview Assets.xcassets"; sourceTree = "<group>"; };
		863290D226BA7B700001783E /* Info.plist */ = {isa = PBXFileReference; lastKnownFileType = text.plist.xml; path = Info.plist; sourceTree = "<group>"; };
		863290D826BA84010001783E /* SectionListView.swift */ = {isa = PBXFileReference; lastKnownFileType = sourcecode.swift; path = SectionListView.swift; sourceTree = "<group>"; };
		863290DA26BA91600001783E /* CustomRowView.swift */ = {isa = PBXFileReference; lastKnownFileType = sourcecode.swift; path = CustomRowView.swift; sourceTree = "<group>"; };
		863290DC26BA91A80001783E /* SwipeDeleteListView.swift */ = {isa = PBXFileReference; lastKnownFileType = sourcecode.swift; path = SwipeDeleteListView.swift; sourceTree = "<group>"; };
/* End PBXFileReference section */

/* Begin PBXFrameworksBuildPhase section */
		863290C326BA7B6B0001783E /* Frameworks */ = {
			isa = PBXFrameworksBuildPhase;
			buildActionMask = 2147483647;
			files = (
			);
			runOnlyForDeploymentPostprocessing = 0;
		};
/* End PBXFrameworksBuildPhase section */

/* Begin PBXGroup section */
		863290BD26BA7B6B0001783E = {
			isa = PBXGroup;
			children = (
				863290C826BA7B6B0001783E /* SwiftUIListExamples */,
				863290C726BA7B6B0001783E /* Products */,
			);
			sourceTree = "<group>";
		};
		863290C726BA7B6B0001783E /* Products */ = {
			isa = PBXGroup;
			children = (
				863290C626BA7B6B0001783E /* SwiftUIListExamples.app */,
			);
			name = Products;
			sourceTree = "<group>";
		};
		863290C826BA7B6B0001783E /* SwiftUIListExamples */ = {
			isa = PBXGroup;
			children = (
				863290C926BA7B6B0001783E /* SwiftUIListExamplesApp.swift */,
				863290D826BA84010001783E /* SectionListView.swift */,
				863290CB26BA7B6B0001783E /* BasicDynamicView.swift */,
				863290DC26BA91A80001783E /* SwipeDeleteListView.swift */,
				863290DA26BA91600001783E /* CustomRowView.swift */,
				863290CD26BA7B700001783E /* Assets.xcassets */,
				863290D226BA7B700001783E /* Info.plist */,
				863290CF26BA7B700001783E /* Preview Content */,
			);
			path = SwiftUIListExamples;
			sourceTree = "<group>";
		};
		863290CF26BA7B700001783E /* Preview Content */ = {
			isa = PBXGroup;
			children = (
				863290D026BA7B700001783E /* Preview Assets.xcassets */,
			);
			path = "Preview Content";
			sourceTree = "<group>";
		};
/* End PBXGroup section */

/* Begin PBXNativeTarget section */
		863290C526BA7B6B0001783E /* SwiftUIListExamples */ = {
			isa = PBXNativeTarget;
			buildConfigurationList = 863290D526BA7B700001783E /* Build configuration list for PBXNativeTarget "SwiftUIListExamples" */;
			buildPhases = (
				863290C226BA7B6B0001783E /* Sources */,
				863290C326BA7B6B0001783E /* Frameworks */,
				863290C426BA7B6B0001783E /* Resources */,
			);
			buildRules = (
			);
			dependencies = (
			);
			name = SwiftUIListExamples;
			productName = SwiftUIListExamples;
			productReference = 863290C626BA7B6B0001783E /* SwiftUIListExamples.app */;
			productType = "com.apple.product-type.application";
		};
/* End PBXNativeTarget section */

/* Begin PBXProject section */
		863290BE26BA7B6B0001783E /* Project object */ = {
			isa = PBXProject;
			attributes = {
				LastSwiftUpdateCheck = 1250;
				LastUpgradeCheck = 1250;
				TargetAttributes = {
					863290C526BA7B6B0001783E = {
						CreatedOnToolsVersion = 12.5;
					};
				};
			};
			buildConfigurationList = 863290C126BA7B6B0001783E /* Build configuration list for PBXProject "SwiftUIListExamples" */;
			compatibilityVersion = "Xcode 9.3";
			developmentRegion = en;
			hasScannedForEncodings = 0;
			knownRegions = (
				en,
				Base,
			);
			mainGroup = 863290BD26BA7B6B0001783E;
			productRefGroup = 863290C726BA7B6B0001783E /* Products */;
			projectDirPath = "";
			projectRoot = "";
			targets = (
				863290C526BA7B6B0001783E /* SwiftUIListExamples */,
			);
		};
/* End PBXProject section */

/* Begin PBXResourcesBuildPhase section */
		863290C426BA7B6B0001783E /* Resources */ = {
			isa = PBXResourcesBuildPhase;
			buildActionMask = 2147483647;
			files = (
				863290D126BA7B700001783E /* Preview Assets.xcassets in Resources */,
				863290CE26BA7B700001783E /* Assets.xcassets in Resources */,
			);
			runOnlyForDeploymentPostprocessing = 0;
		};
/* End PBXResourcesBuildPhase section */

/* Begin PBXSourcesBuildPhase section */
		863290C226BA7B6B0001783E /* Sources */ = {
			isa = PBXSourcesBuildPhase;
			buildActionMask = 2147483647;
			files = (
				863290DD26BA91A80001783E /* SwipeDeleteListView.swift in Sources */,
				863290DB26BA91600001783E /* CustomRowView.swift in Sources */,
				863290CC26BA7B6B0001783E /* BasicDynamicView.swift in Sources */,
				863290D926BA84010001783E /* SectionListView.swift in Sources */,
				863290CA26BA7B6B0001783E /* SwiftUIListExamplesApp.swift in Sources */,
			);
			runOnlyForDeploymentPostprocessing = 0;
		};
/* End PBXSourcesBuildPhase section */

/* Begin XCBuildConfiguration section */
		863290D326BA7B700001783E /* Debug */ = {
			isa = XCBuildConfiguration;
			buildSettings = {
				ALWAYS_SEARCH_USER_PATHS = NO;
				CLANG_ANALYZER_NONNULL = YES;
				CLANG_ANALYZER_NUMBER_OBJECT_CONVERSION = YES_AGGRESSIVE;
				CLANG_CXX_LANGUAGE_STANDARD = "gnu++14";
				CLANG_CXX_LIBRARY = "libc++";
				CLANG_ENABLE_MODULES = YES;
				CLANG_ENABLE_OBJC_ARC = YES;
				CLANG_ENABLE_OBJC_WEAK = YES;
				CLANG_WARN_BLOCK_CAPTURE_AUTORELEASING = YES;
				CLANG_WARN_BOOL_CONVERSION = YES;
				CLANG_WARN_COMMA = YES;
				CLANG_WARN_CONSTANT_CONVERSION = YES;
				CLANG_WARN_DEPRECATED_OBJC_IMPLEMENTATIONS = YES;
				CLANG_WARN_DIRECT_OBJC_ISA_USAGE = YES_ERROR;
				CLANG_WARN_DOCUMENTATION_COMMENTS = YES;
				CLANG_WARN_EMPTY_BODY = YES;
				CLANG_WARN_ENUM_CONVERSION = YES;
				CLANG_WARN_INFINITE_RECURSION = YES;
				CLANG_WARN_INT_CONVERSION = YES;
				CLANG_WARN_NON_LITERAL_NULL_CONVERSION = YES;
				CLANG_WARN_OBJC_IMPLICIT_RETAIN_SELF = YES;
				CLANG_WARN_OBJC_LITERAL_CONVERSION = YES;
				CLANG_WARN_OBJC_ROOT_CLASS = YES_ERROR;
				CLANG_WARN_QUOTED_INCLUDE_IN_FRAMEWORK_HEADER = YES;
				CLANG_WARN_RANGE_LOOP_ANALYSIS = YES;
				CLANG_WARN_STRICT_PROTOTYPES = YES;
				CLANG_WARN_SUSPICIOUS_MOVE = YES;
				CLANG_WARN_UNGUARDED_AVAILABILITY = YES_AGGRESSIVE;
				CLANG_WARN_UNREACHABLE_CODE = YES;
				CLANG_WARN__DUPLICATE_METHOD_MATCH = YES;
				COPY_PHASE_STRIP = NO;
				DEBUG_INFORMATION_FORMAT = dwarf;
				ENABLE_STRICT_OBJC_MSGSEND = YES;
				ENABLE_TESTABILITY = YES;
				GCC_C_LANGUAGE_STANDARD = gnu11;
				GCC_DYNAMIC_NO_PIC = NO;
				GCC_NO_COMMON_BLOCKS = YES;
				GCC_OPTIMIZATION_LEVEL = 0;
				GCC_PREPROCESSOR_DEFINITIONS = (
					"DEBUG=1",
					"$(inherited)",
				);
				GCC_WARN_64_TO_32_BIT_CONVERSION = YES;
				GCC_WARN_ABOUT_RETURN_TYPE = YES_ERROR;
				GCC_WARN_UNDECLARED_SELECTOR = YES;
				GCC_WARN_UNINITIALIZED_AUTOS = YES_AGGRESSIVE;
				GCC_WARN_UNUSED_FUNCTION = YES;
				GCC_WARN_UNUSED_VARIABLE = YES;
				IPHONEOS_DEPLOYMENT_TARGET = 14.5;
				MTL_ENABLE_DEBUG_INFO = INCLUDE_SOURCE;
				MTL_FAST_MATH = YES;
				ONLY_ACTIVE_ARCH = YES;
				SDKROOT = iphoneos;
				SWIFT_ACTIVE_COMPILATION_CONDITIONS = DEBUG;
				SWIFT_OPTIMIZATION_LEVEL = "-Onone";
			};
			name = Debug;
		};
		863290D426BA7B700001783E /* Release */ = {
			isa = XCBuildConfiguration;
			buildSettings = {
				ALWAYS_SEARCH_USER_PATHS = NO;
				CLANG_ANALYZER_NONNULL = YES;
				CLANG_ANALYZER_NUMBER_OBJECT_CONVERSION = YES_AGGRESSIVE;
				CLANG_CXX_LANGUAGE_STANDARD = "gnu++14";
				CLANG_CXX_LIBRARY = "libc++";
				CLANG_ENABLE_MODULES = YES;
				CLANG_ENABLE_OBJC_ARC = YES;
				CLANG_ENABLE_OBJC_WEAK = YES;
				CLANG_WARN_BLOCK_CAPTURE_AUTORELEASING = YES;
				CLANG_WARN_BOOL_CONVERSION = YES;
				CLANG_WARN_COMMA = YES;
				CLANG_WARN_CONSTANT_CONVERSION = YES;
				CLANG_WARN_DEPRECATED_OBJC_IMPLEMENTATIONS = YES;
				CLANG_WARN_DIRECT_OBJC_ISA_USAGE = YES_ERROR;
				CLANG_WARN_DOCUMENTATION_COMMENTS = YES;
				CLANG_WARN_EMPTY_BODY = YES;
				CLANG_WARN_ENUM_CONVERSION = YES;
				CLANG_WARN_INFINITE_RECURSION = YES;
				CLANG_WARN_INT_CONVERSION = YES;
				CLANG_WARN_NON_LITERAL_NULL_CONVERSION = YES;
				CLANG_WARN_OBJC_IMPLICIT_RETAIN_SELF = YES;
				CLANG_WARN_OBJC_LITERAL_CONVERSION = YES;
				CLANG_WARN_OBJC_ROOT_CLASS = YES_ERROR;
				CLANG_WARN_QUOTED_INCLUDE_IN_FRAMEWORK_HEADER = YES;
				CLANG_WARN_RANGE_LOOP_ANALYSIS = YES;
				CLANG_WARN_STRICT_PROTOTYPES = YES;
				CLANG_WARN_SUSPICIOUS_MOVE = YES;
				CLANG_WARN_UNGUARDED_AVAILABILITY = YES_AGGRESSIVE;
				CLANG_WARN_UNREACHABLE_CODE = YES;
				CLANG_WARN__DUPLICATE_METHOD_MATCH = YES;
				COPY_PHASE_STRIP = NO;
				DEBUG_INFORMATION_FORMAT = "dwarf-with-dsym";
				ENABLE_NS_ASSERTIONS = NO;
				ENABLE_STRICT_OBJC_MSGSEND = YES;
				GCC_C_LANGUAGE_STANDARD = gnu11;
				GCC_NO_COMMON_BLOCKS = YES;
				GCC_WARN_64_TO_32_BIT_CONVERSION = YES;
				GCC_WARN_ABOUT_RETURN_TYPE = YES_ERROR;
				GCC_WARN_UNDECLARED_SELECTOR = YES;
				GCC_WARN_UNINITIALIZED_AUTOS = YES_AGGRESSIVE;
				GCC_WARN_UNUSED_FUNCTION = YES;
				GCC_WARN_UNUSED_VARIABLE = YES;
				IPHONEOS_DEPLOYMENT_TARGET = 14.5;
				MTL_ENABLE_DEBUG_INFO = NO;
				MTL_FAST_MATH = YES;
				SDKROOT = iphoneos;
				SWIFT_COMPILATION_MODE = wholemodule;
				SWIFT_OPTIMIZATION_LEVEL = "-O";
				VALIDATE_PRODUCT = YES;
			};
			name = Release;
		};
		863290D626BA7B700001783E /* Debug */ = {
			isa = XCBuildConfiguration;
			buildSettings = {
				ASSETCATALOG_COMPILER_APPICON_NAME = AppIcon;
				ASSETCATALOG_COMPILER_GLOBAL_ACCENT_COLOR_NAME = AccentColor;
				CODE_SIGN_STYLE = Automatic;
				DEVELOPMENT_ASSET_PATHS = "\"SwiftUIListExamples/Preview Content\"";
				ENABLE_PREVIEWS = YES;
				INFOPLIST_FILE = SwiftUIListExamples/Info.plist;
				IPHONEOS_DEPLOYMENT_TARGET = 14.0;
				LD_RUNPATH_SEARCH_PATHS = (
					"$(inherited)",
					"@executable_path/Frameworks",
				);
				PRODUCT_BUNDLE_IDENTIFIER = com.example.SwiftUIListExamples;
				PRODUCT_NAME = "$(TARGET_NAME)";
				SWIFT_VERSION = 5.0;
				TARGETED_DEVICE_FAMILY = "1,2";
			};
			name = Debug;
		};
		863290D726BA7B700001783E /* Release */ = {
			isa = XCBuildConfiguration;
			buildSettings = {
				ASSETCATALOG_COMPILER_APPICON_NAME = AppIcon;
				ASSETCATALOG_COMPILER_GLOBAL_ACCENT_COLOR_NAME = AccentColor;
				CODE_SIGN_STYLE = Automatic;
				DEVELOPMENT_ASSET_PATHS = "\"SwiftUIListExamples/Preview Content\"";
				ENABLE_PREVIEWS = YES;
				INFOPLIST_FILE = SwiftUIListExamples/Info.plist;
				IPHONEOS_DEPLOYMENT_TARGET = 14.0;
				LD_RUNPATH_SEARCH_PATHS = (
					"$(inherited)",
					"@executable_path/Frameworks",
				);
				PRODUCT_BUNDLE_IDENTIFIER = com.example.SwiftUIListExamples;
				PRODUCT_NAME = "$(TARGET_NAME)";
				SWIFT_VERSION = 5.0;
				TARGETED_DEVICE_FAMILY = "1,2";
			};
			name = Release;
		};
/* End XCBuildConfiguration section */

/* Begin XCConfigurationList section */
		863290C126BA7B6B0001783E /* Build configuration list for PBXProject "SwiftUIListExamples" */ = {
			isa = XCConfigurationList;
			buildConfigurations = (
				863290D326BA7B700001783E /* Debug */,
				863290D426BA7B700001783E /* Release */,
			);
			defaultConfigurationIsVisible = 0;
			defaultConfigurationName = Release;
		};
		863290D526BA7B700001783E /* Build configuration list for PBXNativeTarget "SwiftUIListExamples" */ = {
			isa = XCConfigurationList;
			buildConfigurations = (
				863290D626BA7B700001783E /* Debug */,
				863290D726BA7B700001783E /* Release */,
			);
			defaultConfigurationIsVisible = 0;
			defaultConfigurationName = Release;
		};
/* End XCConfigurationList section */
	};
	rootObject = 863290BE26BA7B6B0001783E /* Project object */;
}
